
Microsoft Visual Studio Solution File, Format Version 12.00
# Visual Studio Version 17
VisualStudioVersion = 17.3.32825.248
MinimumVisualStudioVersion = 10.0.40219.1
Project("{FAE04EC0-301F-11D3-BF4B-00C04F79EFBC}") = "CServiceTask", "CServiceTask\CServiceTask.csproj", "{F9144D73-5123-4588-982A-06BAE979A96F}"
EndProject
Global
	GlobalSection(SolutionConfigurationPlatforms) = preSolution
		Debug|Any CPU = Debug|Any CPU
		Release|Any CPU = Release|Any CPU
	EndGlobalSection
	GlobalSection(ProjectConfigurationPlatforms) = postSolution
		{F9144D73-5123-4588-982A-06BAE979A96F}.Debug|Any CPU.ActiveCfg = Debug|Any CPU
		{F9144D73-5123-4588-982A-06BAE979A96F}.Debug|Any CPU.Build.0 = Debug|Any CPU
		{F9144D73-5123-4588-982A-06BAE979A96F}.Release|Any CPU.ActiveCfg = Release|Any CPU
		{F9144D73-5123-4588-982A-06BAE979A96F}.Release|Any CPU.Build.0 = Release|Any CPU
	EndGlobalSection
	GlobalSection(SolutionProperties) = preSolution
		HideSolutionNode = FALSE
	EndGlobalSection
	GlobalSection(ExtensibilityGlobals) = postSolution
		SolutionGuid = {F7018C70-B5FF-4D7D-B0B4-637E95109CE2}
	EndGlobalSection
EndGlobal
